// !$*UTF8*$!
{archiveVersion = 1; classes = {}; objectVersion = 56; objects = {
A7DD39769055E4D42A0156A0 = {isa = PBXFileReference; lastKnownFileType = sourcecode.swift; path = "Yizhang.swiftpm/Sources/API.swift"; sourceTree = SOURCE_ROOT;};
ED45056B8A7817689702C343 = {isa = PBXBuildFile; fileRef = A7DD39769055E4D42A0156A0;};
C5C8E03311FAF7F919A2E773 = {isa = PBXFileReference; lastKnownFileType = sourcecode.swift; path = "Yizhang.swiftpm/Sources/AppStore.swift"; sourceTree = SOURCE_ROOT;};
949324D8CE9CDD956E032871 = {isa = PBXBuildFile; fileRef = C5C8E03311FAF7F919A2E773;};
9E452189F95B12987C6A44A9 = {isa = PBXFileReference; lastKnownFileType = sourcecode.swift; path = "Yizhang.swiftpm/Sources/CardView.swift"; sourceTree = SOURCE_ROOT;};
E361F0DD7DD9D7F24F58E095 = {isa = PBXBuildFile; fileRef = 9E452189F95B12987C6A44A9;};
FE6FA145B705C9C1D23425D6 = {isa = PBXFileReference; lastKnownFileType = sourcecode.swift; path = "Yizhang.swiftpm/Sources/CreatorView.swift"; sourceTree = SOURCE_ROOT;};
9C48838C6C7BB12BFE1F0CD9 = {isa = PBXBuildFile; fileRef = FE6FA145B705C9C1D23425D6;};
A9C048E359E9E5A33E8CFC6E = {isa = PBXFileReference; lastKnownFileType = sourcecode.swift; path = "Yizhang.swiftpm/Sources/GalleryView.swift"; sourceTree = SOURCE_ROOT;};
9C3BAB7154BE3E232087ACFD = {isa = PBXBuildFile; fileRef = A9C048E359E9E5A33E8CFC6E;};
8AC2B69BCADA00FD80D955CC = {isa = PBXFileReference; lastKnownFileType = sourcecode.swift; path = "Yizhang.swiftpm/Sources/HandwritingView.swift"; sourceTree = SOURCE_ROOT;};
106FD7040D0445979C7B3628 = {isa = PBXBuildFile; fileRef = 8AC2B69BCADA00FD80D955CC;};
6A631596AA95D4A6031A2974 = {isa = PBXFileReference; lastKnownFileType = sourcecode.swift; path = "Yizhang.swiftpm/Sources/LocalStore.swift"; sourceTree = SOURCE_ROOT;};
530D80E6EFECD745719F3B43 = {isa = PBXBuildFile; fileRef = 6A631596AA95D4A6031A2974;};
6CF938F89591F8113C91D7A7 = {isa = PBXFileReference; lastKnownFileType = sourcecode.swift; path = "Yizhang.swiftpm/Sources/Media.swift"; sourceTree = SOURCE_ROOT;};
986FB68C49C4C62769A7216F = {isa = PBXBuildFile; fileRef = 6CF938F89591F8113C91D7A7;};
90667519C32035B304518177 = {isa = PBXFileReference; lastKnownFileType = sourcecode.swift; path = "Yizhang.swiftpm/Sources/Models.swift"; sourceTree = SOURCE_ROOT;};
1DC9A4E7ED92C5FAE12F19D9 = {isa = PBXBuildFile; fileRef = 90667519C32035B304518177;};
EF03377FF15E228FAF9D049A = {isa = PBXFileReference; lastKnownFileType = sourcecode.swift; path = "Yizhang.swiftpm/Sources/ProfileView.swift"; sourceTree = SOURCE_ROOT;};
574FEE30D99ECFEE6F89BD21 = {isa = PBXBuildFile; fileRef = EF03377FF15E228FAF9D049A;};
26308BA3B0A53C61B7DD2690 = {isa = PBXFileReference; lastKnownFileType = sourcecode.swift; path = "Yizhang.swiftpm/Sources/YizhangApp.swift"; sourceTree = SOURCE_ROOT;};
A7DC17D8B86E7229AB63C6A7 = {isa = PBXBuildFile; fileRef = 26308BA3B0A53C61B7DD2690;};
990A44C9948853FD8A85BBF2 = {isa = PBXFileReference; lastKnownFileType = folder.assetcatalog; path = "Yizhang.swiftpm/Resources/Assets.xcassets"; sourceTree = SOURCE_ROOT;};
F1FDF5D45D86AD87CE86304D = {isa = PBXBuildFile; fileRef = 990A44C9948853FD8A85BBF2;};
39C8F51008897A87835D6894 = {isa = PBXFileReference; lastKnownFileType = image.png; path = "Yizhang.swiftpm/Resources/coast-study.png"; sourceTree = SOURCE_ROOT;};
2FCFB58C63BACD583595AB80 = {isa = PBXBuildFile; fileRef = 39C8F51008897A87835D6894;};
24A0CCB47619A9572EE639B1 = {isa = PBXFileReference; lastKnownFileType = image.png; path = "Yizhang.swiftpm/Resources/letter-lines.png"; sourceTree = SOURCE_ROOT;};
1E30BC1181039270BB86C9A9 = {isa = PBXBuildFile; fileRef = 24A0CCB47619A9572EE639B1;};
4F670B6A4761F49FE9FA0E44 = {isa = PBXFileReference; lastKnownFileType = image.png; path = "Yizhang.swiftpm/Resources/paper.png"; sourceTree = SOURCE_ROOT;};
1D5865532D00E4DD7CB69098 = {isa = PBXBuildFile; fileRef = 4F670B6A4761F49FE9FA0E44;};
A463CB11191BAB3BEC242F2D = {isa = PBXFileReference; lastKnownFileType = image.png; path = "Yizhang.swiftpm/Resources/postage-blue.png"; sourceTree = SOURCE_ROOT;};
81F65617D2816A8390E1961D = {isa = PBXBuildFile; fileRef = A463CB11191BAB3BEC242F2D;};
36A98DFFFF5705A59F606689 = {isa = PBXFileReference; lastKnownFileType = image.png; path = "Yizhang.swiftpm/Resources/postage-brown.png"; sourceTree = SOURCE_ROOT;};
19B5FD69504264D3AE165F6B = {isa = PBXBuildFile; fileRef = 36A98DFFFF5705A59F606689;};
E522967145A39CFDC503EE60 = {isa = PBXFileReference; lastKnownFileType = image.png; path = "Yizhang.swiftpm/Resources/postage-green.png"; sourceTree = SOURCE_ROOT;};
8A130809FB7FE83DAB6D4780 = {isa = PBXBuildFile; fileRef = E522967145A39CFDC503EE60;};
2497344BD192CB3CA945B9F3 = {isa = PBXFileReference; lastKnownFileType = image.png; path = "Yizhang.swiftpm/Resources/postage-red.png"; sourceTree = SOURCE_ROOT;};
E7EC49078F76461AC7D9CDD3 = {isa = PBXBuildFile; fileRef = 2497344BD192CB3CA945B9F3;};
8A32E18CD3690DB780EF4576 = {isa = PBXFileReference; lastKnownFileType = image.png; path = "Yizhang.swiftpm/Resources/postage-violet.png"; sourceTree = SOURCE_ROOT;};
3C94F98B64656696BB0B8243 = {isa = PBXBuildFile; fileRef = 8A32E18CD3690DB780EF4576;};
D10752311218E5973886D7E2 = {isa = PBXFileReference; lastKnownFileType = image.png; path = "Yizhang.swiftpm/Resources/record.png"; sourceTree = SOURCE_ROOT;};
905E73991CEB5ECBF8D0C3E1 = {isa = PBXBuildFile; fileRef = D10752311218E5973886D7E2;};
A9F25D3AD607313896AB7970 = {isa = PBXFileReference; lastKnownFileType = image.jpeg; path = "Yizhang.swiftpm/Resources/style-gc-minimal-zine-poster.jpg"; sourceTree = SOURCE_ROOT;};
533B3496A850B3E13C38E3A5 = {isa = PBXBuildFile; fileRef = A9F25D3AD607313896AB7970;};
E9DEE08EDCBBC715B5DBC9A6 = {isa = PBXFileReference; lastKnownFileType = image.jpeg; path = "Yizhang.swiftpm/Resources/style-heytea-style.jpg"; sourceTree = SOURCE_ROOT;};
C59B2F48AB3EC4FAAB43F75E = {isa = PBXBuildFile; fileRef = E9DEE08EDCBBC715B5DBC9A6;};
F09026530907AF8CA542C002 = {isa = PBXFileReference; lastKnownFileType = image.jpeg; path = "Yizhang.swiftpm/Resources/style-ian-xiaohei-illustrations.jpg"; sourceTree = SOURCE_ROOT;};
B6779DB1FB53C4D1335886B9 = {isa = PBXBuildFile; fileRef = F09026530907AF8CA542C002;};
B98094198BFBA12933AB06F1 = {isa = PBXFileReference; lastKnownFileType = image.jpeg; path = "Yizhang.swiftpm/Resources/style-layered-sticker.jpg"; sourceTree = SOURCE_ROOT;};
2153178C7FD18CFCDB95E3CE = {isa = PBXBuildFile; fileRef = B98094198BFBA12933AB06F1;};
2CBE309DD6EE6DCE80614BF8 = {isa = PBXFileReference; lastKnownFileType = image.jpeg; path = "Yizhang.swiftpm/Resources/style-mono-color.jpg"; sourceTree = SOURCE_ROOT;};
4D8E64C329D413A0AA562648 = {isa = PBXBuildFile; fileRef = 2CBE309DD6EE6DCE80614BF8;};
4083B656D482F1ADE834FC7F = {isa = PBXFileReference; lastKnownFileType = image.jpeg; path = "Yizhang.swiftpm/Resources/style-photo-abstract-editorial.jpg"; sourceTree = SOURCE_ROOT;};
96A01AFCFAE65E86A1847F74 = {isa = PBXBuildFile; fileRef = 4083B656D482F1ADE834FC7F;};
BA36387587A48B3A955529D6 = {isa = PBXFileReference; lastKnownFileType = image.jpeg; path = "Yizhang.swiftpm/Resources/style-postmark-watercolor.jpg"; sourceTree = SOURCE_ROOT;};
B9DB3C25F672FFA5B7A5329C = {isa = PBXBuildFile; fileRef = BA36387587A48B3A955529D6;};
573127513491C03052868149 = {isa = PBXFileReference; lastKnownFileType = image.jpeg; path = "Yizhang.swiftpm/Resources/style-scene-distillation-zine-v1-3.jpg"; sourceTree = SOURCE_ROOT;};
52D86D978F8868440C87155A = {isa = PBXBuildFile; fileRef = 573127513491C03052868149;};
B20FBFD71835F17049CF6A2B = {isa = PBXFileReference; lastKnownFileType = image.jpeg; path = "Yizhang.swiftpm/Resources/style-scenes-gathered-zine-v1-3.jpg"; sourceTree = SOURCE_ROOT;};
F7D954AC4B4F90BF2BE8741F = {isa = PBXBuildFile; fileRef = B20FBFD71835F17049CF6A2B;};
C0828AE8EBD99E480ABCD68F = {isa = PBXFileReference; lastKnownFileType = image.jpeg; path = "Yizhang.swiftpm/Resources/style-ukiyoe-picture.jpg"; sourceTree = SOURCE_ROOT;};
7449AB62AD81AD5E716652B4 = {isa = PBXBuildFile; fileRef = C0828AE8EBD99E480ABCD68F;};
11735D9FEC67778420ADD87D = {isa = PBXFileReference; lastKnownFileType = file; path = "Yizhang.swiftpm/Resources/WenKai-OFL.txt"; sourceTree = SOURCE_ROOT;};
7F6B3F36EB6389DF8F81BF61 = {isa = PBXBuildFile; fileRef = 11735D9FEC67778420ADD87D;};
2A66D8CD5DC18D3D06F08903 = {isa = PBXFileReference; lastKnownFileType = file; path = "Yizhang.swiftpm/Resources/WenKai.ttf"; sourceTree = SOURCE_ROOT;};
B65D1DC6D3228A47D47E76A5 = {isa = PBXBuildFile; fileRef = 2A66D8CD5DC18D3D06F08903;};
38A007151ABE87CC01A5B6E9 = {isa = PBXFileReference; explicitFileType = wrapper.application; path = Yizhang.app; sourceTree = BUILT_PRODUCTS_DIR;};
BCE16DD0260827ECF338C787 = {isa = PBXGroup; name = Sources; children = (A7DD39769055E4D42A0156A0,C5C8E03311FAF7F919A2E773,9E452189F95B12987C6A44A9,FE6FA145B705C9C1D23425D6,A9C048E359E9E5A33E8CFC6E,8AC2B69BCADA00FD80D955CC,6A631596AA95D4A6031A2974,6CF938F89591F8113C91D7A7,90667519C32035B304518177,EF03377FF15E228FAF9D049A,26308BA3B0A53C61B7DD2690); sourceTree = "<group>";};
0189424A5A60FED329FA868E = {isa = PBXGroup; name = Resources; children = (990A44C9948853FD8A85BBF2,39C8F51008897A87835D6894,24A0CCB47619A9572EE639B1,4F670B6A4761F49FE9FA0E44,A463CB11191BAB3BEC242F2D,36A98DFFFF5705A59F606689,E522967145A39CFDC503EE60,2497344BD192CB3CA945B9F3,8A32E18CD3690DB780EF4576,D10752311218E5973886D7E2,A9F25D3AD607313896AB7970,E9DEE08EDCBBC715B5DBC9A6,F09026530907AF8CA542C002,B98094198BFBA12933AB06F1,2CBE309DD6EE6DCE80614BF8,4083B656D482F1ADE834FC7F,BA36387587A48B3A955529D6,573127513491C03052868149,B20FBFD71835F17049CF6A2B,C0828AE8EBD99E480ABCD68F,11735D9FEC67778420ADD87D,2A66D8CD5DC18D3D06F08903); sourceTree = "<group>";};
FBDC4F23F93125BBEEAE800C = {isa = PBXGroup; name = Products; children = (9D3AD977850B7EAC0E4F6585,38A007151ABE87CC01A5B6E9); sourceTree = "<group>";};
B28B7AF69320201D1CF206EB = {isa = PBXGroup; children = (4DDE1B02B46FB05CF1955EC0,BCE16DD0260827ECF338C787,0189424A5A60FED329FA868E,FBDC4F23F93125BBEEAE800C); sourceTree = "<group>";};
72A8017E75795FC05F78F54C = {isa = PBXSourcesBuildPhase; buildActionMask = 2147483647; files = (ED45056B8A7817689702C343,949324D8CE9CDD956E032871,E361F0DD7DD9D7F24F58E095,9C48838C6C7BB12BFE1F0CD9,9C3BAB7154BE3E232087ACFD,106FD7040D0445979C7B3628,530D80E6EFECD745719F3B43,986FB68C49C4C62769A7216F,1DC9A4E7ED92C5FAE12F19D9,574FEE30D99ECFEE6F89BD21,A7DC17D8B86E7229AB63C6A7); runOnlyForDeploymentPostprocessing = 0;};
963488E8A773A44C9A5DC523 = {isa = PBXResourcesBuildPhase; buildActionMask = 2147483647; files = (F1FDF5D45D86AD87CE86304D,2FCFB58C63BACD583595AB80,1E30BC1181039270BB86C9A9,1D5865532D00E4DD7CB69098,81F65617D2816A8390E1961D,19B5FD69504264D3AE165F6B,8A130809FB7FE83DAB6D4780,E7EC49078F76461AC7D9CDD3,3C94F98B64656696BB0B8243,905E73991CEB5ECBF8D0C3E1,533B3496A850B3E13C38E3A5,C59B2F48AB3EC4FAAB43F75E,B6779DB1FB53C4D1335886B9,2153178C7FD18CFCDB95E3CE,4D8E64C329D413A0AA562648,96A01AFCFAE65E86A1847F74,B9DB3C25F672FFA5B7A5329C,52D86D978F8868440C87155A,F7D954AC4B4F90BF2BE8741F,7449AB62AD81AD5E716652B4,7F6B3F36EB6389DF8F81BF61,B65D1DC6D3228A47D47E76A5); runOnlyForDeploymentPostprocessing = 0;};
F01580CCB5F725E4E879D491 = {isa = PBXFrameworksBuildPhase; buildActionMask = 2147483647; files = (); runOnlyForDeploymentPostprocessing = 0;};
62F853339D0D10F1A61A1EFA = {isa = XCBuildConfiguration; buildSettings = {SDKROOT = "iphoneos";IPHONEOS_DEPLOYMENT_TARGET = "17.0";SWIFT_VERSION = "5.0";CLANG_ENABLE_MODULES = "YES";SWIFT_OPTIMIZATION_LEVEL = "-Onone";}; name = Debug;};
0DBF25066740E4B8CB8AB751 = {isa = XCBuildConfiguration; buildSettings = {SDKROOT = "iphoneos";IPHONEOS_DEPLOYMENT_TARGET = "17.0";SWIFT_VERSION = "5.0";CLANG_ENABLE_MODULES = "YES";SWIFT_OPTIMIZATION_LEVEL = "-O";}; name = Release;};
F8C70E4123C9AE82C42562CC = {isa = XCConfigurationList; buildConfigurations = (62F853339D0D10F1A61A1EFA,0DBF25066740E4B8CB8AB751); defaultConfigurationIsVisible = 0; defaultConfigurationName = Release;};
1FA51788B7965A8459664B67 = {isa = XCBuildConfiguration; buildSettings = {PRODUCT_NAME = "Yizhang";PRODUCT_BUNDLE_IDENTIFIER = "com.tangjiawei.yizhang";INFOPLIST_FILE = "Info.plist";GENERATE_INFOPLIST_FILE = "NO";CODE_SIGN_STYLE = "Automatic";TARGETED_DEVICE_FAMILY = "1,2";ASSETCATALOG_COMPILER_APPICON_NAME = "AppIcon";MARKETING_VERSION = "1.0";CURRENT_PROJECT_VERSION = "1";SWIFT_EMIT_LOC_STRINGS = "YES";}; name = Debug;};
8AD3BB4A5DF33E553662F892 = {isa = XCBuildConfiguration; buildSettings = {PRODUCT_NAME = "Yizhang";PRODUCT_BUNDLE_IDENTIFIER = "com.tangjiawei.yizhang";INFOPLIST_FILE = "Info.plist";GENERATE_INFOPLIST_FILE = "NO";CODE_SIGN_STYLE = "Automatic";TARGETED_DEVICE_FAMILY = "1,2";ASSETCATALOG_COMPILER_APPICON_NAME = "AppIcon";MARKETING_VERSION = "1.0";CURRENT_PROJECT_VERSION = "1";SWIFT_EMIT_LOC_STRINGS = "YES";}; name = Release;};
DA1189605F4160DBE5714E93 = {isa = XCConfigurationList; buildConfigurations = (1FA51788B7965A8459664B67,8AD3BB4A5DF33E553662F892); defaultConfigurationIsVisible = 0; defaultConfigurationName = Release;};
0E8A3AD980EC179856012B7E = {isa = PBXNativeTarget; buildConfigurationList = DA1189605F4160DBE5714E93; buildPhases = (72A8017E75795FC05F78F54C,F01580CCB5F725E4E879D491,963488E8A773A44C9A5DC523); buildRules = (); dependencies = (); name = Yizhang; productName = Yizhang; productReference = 38A007151ABE87CC01A5B6E9; productType = "com.apple.product-type.application";};
4DDE1B02B46FB05CF1955EC0 = {isa = PBXFileReference; lastKnownFileType = sourcecode.swift; path = "UITests/CreatorFlowTests.swift"; sourceTree = SOURCE_ROOT;};
8F69D2603037B23E80BB9FA3 = {isa = PBXBuildFile; fileRef = 4DDE1B02B46FB05CF1955EC0;};
9D3AD977850B7EAC0E4F6585 = {isa = PBXFileReference; explicitFileType = wrapper.cfbundle; path = YizhangUITests.xctest; sourceTree = BUILT_PRODUCTS_DIR;};
95FC400A54C228DD62344224 = {isa = PBXSourcesBuildPhase; buildActionMask = 2147483647; files = (8F69D2603037B23E80BB9FA3); runOnlyForDeploymentPostprocessing = 0;};
EE62543A0A96922AC3510691 = {isa = PBXFrameworksBuildPhase; buildActionMask = 2147483647; files = (); runOnlyForDeploymentPostprocessing = 0;};
0EDD908B1A72CA94E7B2BDAC = {isa = XCBuildConfiguration; buildSettings = {PRODUCT_NAME = "YizhangUITests";PRODUCT_BUNDLE_IDENTIFIER = "com.tangjiawei.yizhang.uitests";GENERATE_INFOPLIST_FILE = "YES";TEST_TARGET_NAME = "Yizhang";TARGETED_DEVICE_FAMILY = "1,2";CODE_SIGN_STYLE = "Automatic";}; name = Debug;};
654F9C74480D1E3EB46D7E93 = {isa = XCBuildConfiguration; buildSettings = {PRODUCT_NAME = "YizhangUITests";PRODUCT_BUNDLE_IDENTIFIER = "com.tangjiawei.yizhang.uitests";GENERATE_INFOPLIST_FILE = "YES";TEST_TARGET_NAME = "Yizhang";TARGETED_DEVICE_FAMILY = "1,2";CODE_SIGN_STYLE = "Automatic";}; name = Release;};
AA87153CE8A1AC8326D1F803 = {isa = XCConfigurationList; buildConfigurations = (0EDD908B1A72CA94E7B2BDAC,654F9C74480D1E3EB46D7E93); defaultConfigurationIsVisible = 0; defaultConfigurationName = Release;};
5538D6C94541880BC3B9A168 = {isa = PBXContainerItemProxy; containerPortal = 98F54143AB4E86B28C3AFEE0; proxyType = 1; remoteGlobalIDString = 0E8A3AD980EC179856012B7E; remoteInfo = Yizhang;};
B1FB45770585B0E6C098AB54 = {isa = PBXTargetDependency; target = 0E8A3AD980EC179856012B7E; targetProxy = 5538D6C94541880BC3B9A168;};
D24B997AF00C71C20D86BE4D = {isa = PBXNativeTarget; buildConfigurationList = AA87153CE8A1AC8326D1F803; buildPhases = (95FC400A54C228DD62344224,EE62543A0A96922AC3510691); buildRules = (); dependencies = (B1FB45770585B0E6C098AB54); name = YizhangUITests; productName = YizhangUITests; productReference = 9D3AD977850B7EAC0E4F6585; productType = "com.apple.product-type.bundle.ui-testing";};
98F54143AB4E86B28C3AFEE0 = {isa = PBXProject; attributes = {LastUpgradeCheck = 1600; TargetAttributes = {D24B997AF00C71C20D86BE4D = {TestTargetID = 0E8A3AD980EC179856012B7E;};};}; buildConfigurationList = F8C70E4123C9AE82C42562CC; compatibilityVersion = "Xcode 14.0"; developmentRegion = zh_CN; knownRegions = (zh_CN,en,Base); mainGroup = B28B7AF69320201D1CF206EB; productRefGroup = FBDC4F23F93125BBEEAE800C; projectDirPath = ""; projectRoot = ""; targets = (0E8A3AD980EC179856012B7E,D24B997AF00C71C20D86BE4D);};
}; rootObject = 98F54143AB4E86B28C3AFEE0;}
